<Solution>
    <Folder Name="/Solution Items/">
        <File Path=".editorconfig"/>
        <File Path="Directory.Build.props"/>
        <File Path="Directory.Packages.props"/>
        <File Path="global.json"/>
        <File Path="README.md"/>
        <File Path="LICENSE.txt"/>
        <File Path="build.ps1"/>
    </Folder>
    <Folder Name="/src/">
        <Project Path="src/ANcpLua.NET.Sdk.csproj"/>
        <Project Path="src/ANcpLua.NET.Sdk.Web.csproj"/>
        <Project Path="src/ANcpLua.NET.Sdk.Test.csproj"/>
    </Folder>
    <Folder Name="/eng/">
        <File Path="eng/CLAUDE.md"/>
        <File Path="eng/Directory.Build.props"/>
        <Project Path="eng/ANcpSdk.AspNetCore.ServiceDefaults/ANcpSdk.AspNetCore.ServiceDefaults.csproj"/>
        <Project
                Path="eng/ANcpSdk.AspNetCore.ServiceDefaults.AutoRegister/ANcpSdk.AspNetCore.ServiceDefaults.AutoRegister.csproj"/>
    </Folder>
    <Folder Name="/eng/Extensions/">
        <File Path="eng/Extensions/Comparers/StringOrdinalComparer.cs"/>
        <File Path="eng/Extensions/FakeLogger/FakeLoggerExtensions.cs"/>
        <File Path="eng/Extensions/SourceGen/DiagnosticsExtensions.cs"/>
        <File Path="eng/Extensions/SourceGen/SyntaxValueProvider.cs"/>
    </Folder>
    <Folder Name="/eng/LegacySupport/">
        <File Path="eng/LegacySupport/DiagnosticAttributes/NullableAttributes.cs"/>
        <File Path="eng/LegacySupport/Diagnostics/StackTraceHiddenAttribute.cs"/>
        <File Path="eng/LegacySupport/Exceptions/UnreachableException.cs"/>
        <File Path="eng/LegacySupport/Experimental/ExperimentalAttribute.cs"/>
        <File Path="eng/LegacySupport/IndexRange/Index.cs"/>
        <File Path="eng/LegacySupport/IndexRange/Range.cs"/>
        <File Path="eng/LegacySupport/IsExternalInit/IsExternalInit.cs"/>
        <File Path="eng/LegacySupport/LanguageFeatures/CallerArgumentExpressionAttribute.cs"/>
        <File Path="eng/LegacySupport/LanguageFeatures/CompilerFeatureRequiredAttribute.cs"/>
        <File Path="eng/LegacySupport/LanguageFeatures/ParamCollectionAttribute.cs"/>
        <File Path="eng/LegacySupport/LanguageFeatures/RequiredMemberAttribute.cs"/>
        <File Path="eng/LegacySupport/NullabilityAttributes/MemberNotNullAttributes.cs"/>
        <File Path="eng/LegacySupport/StringExtensions/StringExtensions.cs"/>
        <File Path="eng/LegacySupport/TimeProvider/TimeProvider.cs"/>
        <File Path="eng/LegacySupport/TrimAttributes/DynamicallyAccessedMembersAttribute.cs"/>
        <File Path="eng/LegacySupport/TrimAttributes/DynamicallyAccessedMemberTypes.cs"/>
        <File Path="eng/LegacySupport/TrimAttributes/RequiresDynamicCodeAttribute.cs"/>
        <File Path="eng/LegacySupport/TrimAttributes/RequiresUnreferencedCodeAttribute.cs"/>
        <File Path="eng/LegacySupport/TrimAttributes/UnconditionalSuppressMessageAttribute.cs"/>
    </Folder>
    <Folder Name="/eng/MSBuild/">
        <File Path="eng/MSBuild/Polyfills/DiagnosticClasses.cs"/>
        <File Path="eng/MSBuild/Polyfills/Lock.cs"/>
        <File Path="eng/MSBuild/Polyfills/TrimAttributes.cs"/>
    </Folder>
    <Folder Name="/eng/Shared/">
        <File Path="eng/Shared/CodeTests/Compiler.cs"/>
        <File Path="eng/Shared/Throw/Throw.cs"/>
    </Folder>
    <Folder Name="/tests/">
        <Project Path="tests/ANcpLua.Sdk.Tests/ANcpLua.Sdk.Tests.csproj"/>
    </Folder>
    <Folder Name="/tools/">
        <Project Path="tools/ConfigFilesGenerator/ConfigFilesGenerator.csproj"/>
        <Project Path="tools/SdkGenerator/SdkGenerator.csproj"/>
        <Project Path="tools/SchemaGenerator/SchemaGenerator.csproj"/>
    </Folder>
</Solution>